
Microsoft Visual Studio Solution File, Format Version 12.00
# Visual Studio 15
VisualStudioVersion = 15.0.28010.2041
MinimumVisualStudioVersion = 10.0.40219.1
Project("{9A19103F-16F7-4668-BE54-9A1E7A4F7556}") = "1.DayOfWeek", "1.DayOfWeek\1.DayOfWeek.csproj", "{C087AB29-ECCE-4F86-B5A2-9CB0F5827F63}"
EndProject
Project("{9A19103F-16F7-4668-BE54-9A1E7A4F7556}") = "3.RoundingNumbers", "3.RoundingNumbers\3.RoundingNumbers.csproj", "{6BCA1727-6B9E-4B1E-9205-B961733D6912}"
EndProject
Project("{9A19103F-16F7-4668-BE54-9A1E7A4F7556}") = "4.ReversedArrayOfStrings", "4.ReversedArrayOfStrings\4.ReversedArrayOfStrings.csproj", "{22E8C75D-1E33-495A-A0FD-A90409315B04}"
EndProject
Project("{9A19103F-16F7-4668-BE54-9A1E7A4F7556}") = "5.SumEvenNumbers", "5.SumEvenNumbers\5.SumEvenNumbers.csproj", "{074A6376-68B2-4F7A-B433-BB2F1AA1FD6C}"
EndProject
Project("{9A19103F-16F7-4668-BE54-9A1E7A4F7556}") = "6.EvenOddSubstraction", "6.EvenOddSubstraction\6.EvenOddSubstraction.csproj", "{DEBCDFE0-B14E-40E8-AFA8-17F582ADB0EF}"
EndProject
Project("{9A19103F-16F7-4668-BE54-9A1E7A4F7556}") = "7.EqualArrays", "7.EqualArrays\7.EqualArrays.csproj", "{A966D8EA-F41E-4BA9-8014-725509633F34}"
EndProject
Project("{FAE04EC0-301F-11D3-BF4B-00C04F79EFBC}") = "8.CondenseArray", "8.CondenseArray\8.CondenseArray.csproj", "{CFC8123C-E0F6-443F-91B1-400128B113E8}"
EndProject
Global
	GlobalSection(SolutionConfigurationPlatforms) = preSolution
		Debug|Any CPU = Debug|Any CPU
		Release|Any CPU = Release|Any CPU
	EndGlobalSection
	GlobalSection(ProjectConfigurationPlatforms) = postSolution
		{C087AB29-ECCE-4F86-B5A2-9CB0F5827F63}.Debug|Any CPU.ActiveCfg = Debug|Any CPU
		{C087AB29-ECCE-4F86-B5A2-9CB0F5827F63}.Debug|Any CPU.Build.0 = Debug|Any CPU
		{C087AB29-ECCE-4F86-B5A2-9CB0F5827F63}.Release|Any CPU.ActiveCfg = Release|Any CPU
		{C087AB29-ECCE-4F86-B5A2-9CB0F5827F63}.Release|Any CPU.Build.0 = Release|Any CPU
		{6BCA1727-6B9E-4B1E-9205-B961733D6912}.Debug|Any CPU.ActiveCfg = Debug|Any CPU
		{6BCA1727-6B9E-4B1E-9205-B961733D6912}.Debug|Any CPU.Build.0 = Debug|Any CPU
		{6BCA1727-6B9E-4B1E-9205-B961733D6912}.Release|Any CPU.ActiveCfg = Release|Any CPU
		{6BCA1727-6B9E-4B1E-9205-B961733D6912}.Release|Any CPU.Build.0 = Release|Any CPU
		{22E8C75D-1E33-495A-A0FD-A90409315B04}.Debug|Any CPU.ActiveCfg = Debug|Any CPU
		{22E8C75D-1E33-495A-A0FD-A90409315B04}.Debug|Any CPU.Build.0 = Debug|Any CPU
		{22E8C75D-1E33-495A-A0FD-A90409315B04}.Release|Any CPU.ActiveCfg = Release|Any CPU
		{22E8C75D-1E33-495A-A0FD-A90409315B04}.Release|Any CPU.Build.0 = Release|Any CPU
		{074A6376-68B2-4F7A-B433-BB2F1AA1FD6C}.Debug|Any CPU.ActiveCfg = Debug|Any CPU
		{074A6376-68B2-4F7A-B433-BB2F1AA1FD6C}.Debug|Any CPU.Build.0 = Debug|Any CPU
		{074A6376-68B2-4F7A-B433-BB2F1AA1FD6C}.Release|Any CPU.ActiveCfg = Release|Any CPU
		{074A6376-68B2-4F7A-B433-BB2F1AA1FD6C}.Release|Any CPU.Build.0 = Release|Any CPU
		{DEBCDFE0-B14E-40E8-AFA8-17F582ADB0EF}.Debug|Any CPU.ActiveCfg = Debug|Any CPU
		{DEBCDFE0-B14E-40E8-AFA8-17F582ADB0EF}.Debug|Any CPU.Build.0 = Debug|Any CPU
		{DEBCDFE0-B14E-40E8-AFA8-17F582ADB0EF}.Release|Any CPU.ActiveCfg = Release|Any CPU
		{DEBCDFE0-B14E-40E8-AFA8-17F582ADB0EF}.Release|Any CPU.Build.0 = Release|Any CPU
		{A966D8EA-F41E-4BA9-8014-725509633F34}.Debug|Any CPU.ActiveCfg = Debug|Any CPU
		{A966D8EA-F41E-4BA9-8014-725509633F34}.Debug|Any CPU.Build.0 = Debug|Any CPU
		{A966D8EA-F41E-4BA9-8014-725509633F34}.Release|Any CPU.ActiveCfg = Release|Any CPU
		{A966D8EA-F41E-4BA9-8014-725509633F34}.Release|Any CPU.Build.0 = Release|Any CPU
		{CFC8123C-E0F6-443F-91B1-400128B113E8}.Debug|Any CPU.ActiveCfg = Debug|Any CPU
		{CFC8123C-E0F6-443F-91B1-400128B113E8}.Debug|Any CPU.Build.0 = Debug|Any CPU
		{CFC8123C-E0F6-443F-91B1-400128B113E8}.Release|Any CPU.ActiveCfg = Release|Any CPU
		{CFC8123C-E0F6-443F-91B1-400128B113E8}.Release|Any CPU.Build.0 = Release|Any CPU
	EndGlobalSection
	GlobalSection(SolutionProperties) = preSolution
		HideSolutionNode = FALSE
	EndGlobalSection
	GlobalSection(ExtensibilityGlobals) = postSolution
		SolutionGuid = {B5B9AF17-54BB-4A6A-A88D-578CCA08C1E1}
	EndGlobalSection
EndGlobal
