
Microsoft Visual Studio Solution File, Format Version 12.00
# Visual Studio 15
VisualStudioVersion = 15.0.28307.136
MinimumVisualStudioVersion = 10.0.40219.1
Project("{9A19103F-16F7-4668-BE54-9A1E7A4F7556}") = "01.Action", "FunctionalProgramming\01.Action.csproj", "{07C54229-4BEC-4884-9A6C-13411F31767B}"
EndProject
Project("{9A19103F-16F7-4668-BE54-9A1E7A4F7556}") = "02.KnightsOfHonor", "02.KnightsOfHonor\02.KnightsOfHonor.csproj", "{027AD50F-FCC8-4BE9-A4CC-AFDAF2D39314}"
EndProject
Project("{9A19103F-16F7-4668-BE54-9A1E7A4F7556}") = "03.CustomMinFunction", "03.CustomMinFunction\03.CustomMinFunction.csproj", "{EC04ED33-0625-4BA8-A375-F4080B3BA1FA}"
EndProject
Project("{9A19103F-16F7-4668-BE54-9A1E7A4F7556}") = "04.FindEvenOrOdds", "04.FindEvenOrOdds\04.FindEvenOrOdds.csproj", "{4FE114DB-506E-435B-B886-B19CD45BDD99}"
EndProject
Project("{9A19103F-16F7-4668-BE54-9A1E7A4F7556}") = "05.AppliedArithmetics", "06.AppliedArithmetics\05.AppliedArithmetics.csproj", "{5A956C95-54C0-4427-BA10-F3EF03EB50CF}"
EndProject
Project("{9A19103F-16F7-4668-BE54-9A1E7A4F7556}") = "06.ReverseAndExclude", "06.ReverseAndExclude\06.ReverseAndExclude.csproj", "{29619C12-79B3-4EB7-AFFC-5C5E4F4D2350}"
EndProject
Project("{9A19103F-16F7-4668-BE54-9A1E7A4F7556}") = "07.PredicateForNames", "07.PredicateForNames\07.PredicateForNames.csproj", "{1737F8A8-3AF2-4D16-9033-9E35EF8E8097}"
EndProject
Project("{9A19103F-16F7-4668-BE54-9A1E7A4F7556}") = "08.CustomComparator", "08.CustomComparator\08.CustomComparator.csproj", "{87B6B149-F582-421E-B9F6-F8910D12AE03}"
EndProject
Project("{FAE04EC0-301F-11D3-BF4B-00C04F79EFBC}") = "09.ListOfPredicates", "09.ListOfPredicates\09.ListOfPredicates.csproj", "{B6E9090A-3A5A-416C-8A8B-1A2ACD1602A0}"
EndProject
Project("{FAE04EC0-301F-11D3-BF4B-00C04F79EFBC}") = "10.PredicateParty", "10.PredicateParty\10.PredicateParty.csproj", "{D185891E-D00C-4F61-9FAA-5317E18D3A52}"
EndProject
Project("{FAE04EC0-301F-11D3-BF4B-00C04F79EFBC}") = "11.PartyReservation", "11.PartyReservation\11.PartyReservation.csproj", "{F9E9B8C3-C140-485C-936E-839AA1289B97}"
EndProject
Global
	GlobalSection(SolutionConfigurationPlatforms) = preSolution
		Debug|Any CPU = Debug|Any CPU
		Release|Any CPU = Release|Any CPU
	EndGlobalSection
	GlobalSection(ProjectConfigurationPlatforms) = postSolution
		{07C54229-4BEC-4884-9A6C-13411F31767B}.Debug|Any CPU.ActiveCfg = Debug|Any CPU
		{07C54229-4BEC-4884-9A6C-13411F31767B}.Debug|Any CPU.Build.0 = Debug|Any CPU
		{07C54229-4BEC-4884-9A6C-13411F31767B}.Release|Any CPU.ActiveCfg = Release|Any CPU
		{07C54229-4BEC-4884-9A6C-13411F31767B}.Release|Any CPU.Build.0 = Release|Any CPU
		{027AD50F-FCC8-4BE9-A4CC-AFDAF2D39314}.Debug|Any CPU.ActiveCfg = Debug|Any CPU
		{027AD50F-FCC8-4BE9-A4CC-AFDAF2D39314}.Debug|Any CPU.Build.0 = Debug|Any CPU
		{027AD50F-FCC8-4BE9-A4CC-AFDAF2D39314}.Release|Any CPU.ActiveCfg = Release|Any CPU
		{027AD50F-FCC8-4BE9-A4CC-AFDAF2D39314}.Release|Any CPU.Build.0 = Release|Any CPU
		{EC04ED33-0625-4BA8-A375-F4080B3BA1FA}.Debug|Any CPU.ActiveCfg = Debug|Any CPU
		{EC04ED33-0625-4BA8-A375-F4080B3BA1FA}.Debug|Any CPU.Build.0 = Debug|Any CPU
		{EC04ED33-0625-4BA8-A375-F4080B3BA1FA}.Release|Any CPU.ActiveCfg = Release|Any CPU
		{EC04ED33-0625-4BA8-A375-F4080B3BA1FA}.Release|Any CPU.Build.0 = Release|Any CPU
		{4FE114DB-506E-435B-B886-B19CD45BDD99}.Debug|Any CPU.ActiveCfg = Debug|Any CPU
		{4FE114DB-506E-435B-B886-B19CD45BDD99}.Debug|Any CPU.Build.0 = Debug|Any CPU
		{4FE114DB-506E-435B-B886-B19CD45BDD99}.Release|Any CPU.ActiveCfg = Release|Any CPU
		{4FE114DB-506E-435B-B886-B19CD45BDD99}.Release|Any CPU.Build.0 = Release|Any CPU
		{5A956C95-54C0-4427-BA10-F3EF03EB50CF}.Debug|Any CPU.ActiveCfg = Debug|Any CPU
		{5A956C95-54C0-4427-BA10-F3EF03EB50CF}.Debug|Any CPU.Build.0 = Debug|Any CPU
		{5A956C95-54C0-4427-BA10-F3EF03EB50CF}.Release|Any CPU.ActiveCfg = Release|Any CPU
		{5A956C95-54C0-4427-BA10-F3EF03EB50CF}.Release|Any CPU.Build.0 = Release|Any CPU
		{29619C12-79B3-4EB7-AFFC-5C5E4F4D2350}.Debug|Any CPU.ActiveCfg = Debug|Any CPU
		{29619C12-79B3-4EB7-AFFC-5C5E4F4D2350}.Debug|Any CPU.Build.0 = Debug|Any CPU
		{29619C12-79B3-4EB7-AFFC-5C5E4F4D2350}.Release|Any CPU.ActiveCfg = Release|Any CPU
		{29619C12-79B3-4EB7-AFFC-5C5E4F4D2350}.Release|Any CPU.Build.0 = Release|Any CPU
		{1737F8A8-3AF2-4D16-9033-9E35EF8E8097}.Debug|Any CPU.ActiveCfg = Debug|Any CPU
		{1737F8A8-3AF2-4D16-9033-9E35EF8E8097}.Debug|Any CPU.Build.0 = Debug|Any CPU
		{1737F8A8-3AF2-4D16-9033-9E35EF8E8097}.Release|Any CPU.ActiveCfg = Release|Any CPU
		{1737F8A8-3AF2-4D16-9033-9E35EF8E8097}.Release|Any CPU.Build.0 = Release|Any CPU
		{87B6B149-F582-421E-B9F6-F8910D12AE03}.Debug|Any CPU.ActiveCfg = Debug|Any CPU
		{87B6B149-F582-421E-B9F6-F8910D12AE03}.Debug|Any CPU.Build.0 = Debug|Any CPU
		{87B6B149-F582-421E-B9F6-F8910D12AE03}.Release|Any CPU.ActiveCfg = Release|Any CPU
		{87B6B149-F582-421E-B9F6-F8910D12AE03}.Release|Any CPU.Build.0 = Release|Any CPU
		{B6E9090A-3A5A-416C-8A8B-1A2ACD1602A0}.Debug|Any CPU.ActiveCfg = Debug|Any CPU
		{B6E9090A-3A5A-416C-8A8B-1A2ACD1602A0}.Debug|Any CPU.Build.0 = Debug|Any CPU
		{B6E9090A-3A5A-416C-8A8B-1A2ACD1602A0}.Release|Any CPU.ActiveCfg = Release|Any CPU
		{B6E9090A-3A5A-416C-8A8B-1A2ACD1602A0}.Release|Any CPU.Build.0 = Release|Any CPU
		{D185891E-D00C-4F61-9FAA-5317E18D3A52}.Debug|Any CPU.ActiveCfg = Debug|Any CPU
		{D185891E-D00C-4F61-9FAA-5317E18D3A52}.Debug|Any CPU.Build.0 = Debug|Any CPU
		{D185891E-D00C-4F61-9FAA-5317E18D3A52}.Release|Any CPU.ActiveCfg = Release|Any CPU
		{D185891E-D00C-4F61-9FAA-5317E18D3A52}.Release|Any CPU.Build.0 = Release|Any CPU
		{F9E9B8C3-C140-485C-936E-839AA1289B97}.Debug|Any CPU.ActiveCfg = Debug|Any CPU
		{F9E9B8C3-C140-485C-936E-839AA1289B97}.Debug|Any CPU.Build.0 = Debug|Any CPU
		{F9E9B8C3-C140-485C-936E-839AA1289B97}.Release|Any CPU.ActiveCfg = Release|Any CPU
		{F9E9B8C3-C140-485C-936E-839AA1289B97}.Release|Any CPU.Build.0 = Release|Any CPU
	EndGlobalSection
	GlobalSection(SolutionProperties) = preSolution
		HideSolutionNode = FALSE
	EndGlobalSection
	GlobalSection(ExtensibilityGlobals) = postSolution
		SolutionGuid = {D23CAF52-07B4-4E4F-AAE0-63EC169094B2}
	EndGlobalSection
EndGlobal
