
Microsoft Visual Studio Solution File, Format Version 12.00
# Visual Studio 15
VisualStudioVersion = 15.0.28010.2041
MinimumVisualStudioVersion = 10.0.40219.1
Project("{FAE04EC0-301F-11D3-BF4B-00C04F79EFBC}") = "1.EncryptSort", "1.EncryptSort\1.EncryptSort.csproj", "{F2B36C40-2EE8-4CA9-BD5E-52DEF40A3B1D}"
EndProject
Project("{FAE04EC0-301F-11D3-BF4B-00C04F79EFBC}") = "2.PascalTriangle", "2.PascalTriangle\2.PascalTriangle.csproj", "{7E53FED8-0820-42A2-96DF-D92B76D46AAF}"
EndProject
Global
	GlobalSection(SolutionConfigurationPlatforms) = preSolution
		Debug|Any CPU = Debug|Any CPU
		Release|Any CPU = Release|Any CPU
	EndGlobalSection
	GlobalSection(ProjectConfigurationPlatforms) = postSolution
		{F2B36C40-2EE8-4CA9-BD5E-52DEF40A3B1D}.Debug|Any CPU.ActiveCfg = Debug|Any CPU
		{F2B36C40-2EE8-4CA9-BD5E-52DEF40A3B1D}.Debug|Any CPU.Build.0 = Debug|Any CPU
		{F2B36C40-2EE8-4CA9-BD5E-52DEF40A3B1D}.Release|Any CPU.ActiveCfg = Release|Any CPU
		{F2B36C40-2EE8-4CA9-BD5E-52DEF40A3B1D}.Release|Any CPU.Build.0 = Release|Any CPU
		{7E53FED8-0820-42A2-96DF-D92B76D46AAF}.Debug|Any CPU.ActiveCfg = Debug|Any CPU
		{7E53FED8-0820-42A2-96DF-D92B76D46AAF}.Debug|Any CPU.Build.0 = Debug|Any CPU
		{7E53FED8-0820-42A2-96DF-D92B76D46AAF}.Release|Any CPU.ActiveCfg = Release|Any CPU
		{7E53FED8-0820-42A2-96DF-D92B76D46AAF}.Release|Any CPU.Build.0 = Release|Any CPU
	EndGlobalSection
	GlobalSection(SolutionProperties) = preSolution
		HideSolutionNode = FALSE
	EndGlobalSection
	GlobalSection(ExtensibilityGlobals) = postSolution
		SolutionGuid = {C2675FFD-2591-4F60-99E4-E2563FBBDBC8}
	EndGlobalSection
EndGlobal
