
Microsoft Visual Studio Solution File, Format Version 12.00
# Visual Studio 15
VisualStudioVersion = 15.0.28307.136
MinimumVisualStudioVersion = 10.0.40219.1
Project("{9A19103F-16F7-4668-BE54-9A1E7A4F7556}") = "01.EvenLines", "StreamsExercise\01.EvenLines.csproj", "{8C43C864-4CD0-4BAC-94E9-943692FF1383}"
EndProject
Project("{9A19103F-16F7-4668-BE54-9A1E7A4F7556}") = "02.LineNumbers", "02.LineNumbers\02.LineNumbers.csproj", "{C97077D7-D2EB-4133-952F-C109AB73A035}"
EndProject
Project("{9A19103F-16F7-4668-BE54-9A1E7A4F7556}") = "03.WordCount", "03.WordCount\03.WordCount.csproj", "{2829EFF5-4029-4383-BF52-20509E54E4A6}"
EndProject
Project("{9A19103F-16F7-4668-BE54-9A1E7A4F7556}") = "04.CopyBinaryFIle", "04.CopyBinaryFIle\04.CopyBinaryFIle.csproj", "{4E61A99C-B8C3-4F41-B17D-2D066E25FB34}"
EndProject
Project("{FAE04EC0-301F-11D3-BF4B-00C04F79EFBC}") = "05.DirectoryTraversal", "05.DirectoryTraversal\05.DirectoryTraversal.csproj", "{9C2FDE7B-2209-4FC0-AEAA-29AFD8545039}"
EndProject
Project("{FAE04EC0-301F-11D3-BF4B-00C04F79EFBC}") = "06.FullDirectoryTraversal", "06.FullDirectoryTraversal\06.FullDirectoryTraversal.csproj", "{8766611C-DFFC-44BA-8CE8-B9E2EA600A2F}"
EndProject
Global
	GlobalSection(SolutionConfigurationPlatforms) = preSolution
		Debug|Any CPU = Debug|Any CPU
		Release|Any CPU = Release|Any CPU
	EndGlobalSection
	GlobalSection(ProjectConfigurationPlatforms) = postSolution
		{8C43C864-4CD0-4BAC-94E9-943692FF1383}.Debug|Any CPU.ActiveCfg = Debug|Any CPU
		{8C43C864-4CD0-4BAC-94E9-943692FF1383}.Debug|Any CPU.Build.0 = Debug|Any CPU
		{8C43C864-4CD0-4BAC-94E9-943692FF1383}.Release|Any CPU.ActiveCfg = Release|Any CPU
		{8C43C864-4CD0-4BAC-94E9-943692FF1383}.Release|Any CPU.Build.0 = Release|Any CPU
		{C97077D7-D2EB-4133-952F-C109AB73A035}.Debug|Any CPU.ActiveCfg = Debug|Any CPU
		{C97077D7-D2EB-4133-952F-C109AB73A035}.Debug|Any CPU.Build.0 = Debug|Any CPU
		{C97077D7-D2EB-4133-952F-C109AB73A035}.Release|Any CPU.ActiveCfg = Release|Any CPU
		{C97077D7-D2EB-4133-952F-C109AB73A035}.Release|Any CPU.Build.0 = Release|Any CPU
		{2829EFF5-4029-4383-BF52-20509E54E4A6}.Debug|Any CPU.ActiveCfg = Debug|Any CPU
		{2829EFF5-4029-4383-BF52-20509E54E4A6}.Debug|Any CPU.Build.0 = Debug|Any CPU
		{2829EFF5-4029-4383-BF52-20509E54E4A6}.Release|Any CPU.ActiveCfg = Release|Any CPU
		{2829EFF5-4029-4383-BF52-20509E54E4A6}.Release|Any CPU.Build.0 = Release|Any CPU
		{4E61A99C-B8C3-4F41-B17D-2D066E25FB34}.Debug|Any CPU.ActiveCfg = Debug|Any CPU
		{4E61A99C-B8C3-4F41-B17D-2D066E25FB34}.Debug|Any CPU.Build.0 = Debug|Any CPU
		{4E61A99C-B8C3-4F41-B17D-2D066E25FB34}.Release|Any CPU.ActiveCfg = Release|Any CPU
		{4E61A99C-B8C3-4F41-B17D-2D066E25FB34}.Release|Any CPU.Build.0 = Release|Any CPU
		{9C2FDE7B-2209-4FC0-AEAA-29AFD8545039}.Debug|Any CPU.ActiveCfg = Debug|Any CPU
		{9C2FDE7B-2209-4FC0-AEAA-29AFD8545039}.Debug|Any CPU.Build.0 = Debug|Any CPU
		{9C2FDE7B-2209-4FC0-AEAA-29AFD8545039}.Release|Any CPU.ActiveCfg = Release|Any CPU
		{9C2FDE7B-2209-4FC0-AEAA-29AFD8545039}.Release|Any CPU.Build.0 = Release|Any CPU
		{8766611C-DFFC-44BA-8CE8-B9E2EA600A2F}.Debug|Any CPU.ActiveCfg = Debug|Any CPU
		{8766611C-DFFC-44BA-8CE8-B9E2EA600A2F}.Debug|Any CPU.Build.0 = Debug|Any CPU
		{8766611C-DFFC-44BA-8CE8-B9E2EA600A2F}.Release|Any CPU.ActiveCfg = Release|Any CPU
		{8766611C-DFFC-44BA-8CE8-B9E2EA600A2F}.Release|Any CPU.Build.0 = Release|Any CPU
	EndGlobalSection
	GlobalSection(SolutionProperties) = preSolution
		HideSolutionNode = FALSE
	EndGlobalSection
	GlobalSection(ExtensibilityGlobals) = postSolution
		SolutionGuid = {E939EFA7-3790-4EC7-9ED8-33188B2F4431}
	EndGlobalSection
EndGlobal
