
Microsoft Visual Studio Solution File, Format Version 12.00
# Visual Studio 15
VisualStudioVersion = 15.0.28307.136
MinimumVisualStudioVersion = 10.0.40219.1
Project("{9A19103F-16F7-4668-BE54-9A1E7A4F7556}") = "01.Vehicles", "01.Vehicles\01.Vehicles.csproj", "{73FAF6BC-F16C-425C-801E-9537C68A6040}"
EndProject
Project("{FAE04EC0-301F-11D3-BF4B-00C04F79EFBC}") = "03.WildFarm", "03.WildFarm\03.WildFarm.csproj", "{0ED03FB8-4A76-485B-BAFF-8C46851FA07D}"
EndProject
Global
	GlobalSection(SolutionConfigurationPlatforms) = preSolution
		Debug|Any CPU = Debug|Any CPU
		Release|Any CPU = Release|Any CPU
	EndGlobalSection
	GlobalSection(ProjectConfigurationPlatforms) = postSolution
		{73FAF6BC-F16C-425C-801E-9537C68A6040}.Debug|Any CPU.ActiveCfg = Debug|Any CPU
		{73FAF6BC-F16C-425C-801E-9537C68A6040}.Debug|Any CPU.Build.0 = Debug|Any CPU
		{73FAF6BC-F16C-425C-801E-9537C68A6040}.Release|Any CPU.ActiveCfg = Release|Any CPU
		{73FAF6BC-F16C-425C-801E-9537C68A6040}.Release|Any CPU.Build.0 = Release|Any CPU
		{0ED03FB8-4A76-485B-BAFF-8C46851FA07D}.Debug|Any CPU.ActiveCfg = Debug|Any CPU
		{0ED03FB8-4A76-485B-BAFF-8C46851FA07D}.Debug|Any CPU.Build.0 = Debug|Any CPU
		{0ED03FB8-4A76-485B-BAFF-8C46851FA07D}.Release|Any CPU.ActiveCfg = Release|Any CPU
		{0ED03FB8-4A76-485B-BAFF-8C46851FA07D}.Release|Any CPU.Build.0 = Release|Any CPU
	EndGlobalSection
	GlobalSection(SolutionProperties) = preSolution
		HideSolutionNode = FALSE
	EndGlobalSection
	GlobalSection(ExtensibilityGlobals) = postSolution
		SolutionGuid = {DAD87E2C-4E08-4776-962B-5A14ED14551C}
	EndGlobalSection
EndGlobal
