
Microsoft Visual Studio Solution File, Format Version 12.00
# Visual Studio 15
VisualStudioVersion = 15.0.28307.136
MinimumVisualStudioVersion = 10.0.40219.1
Project("{FAE04EC0-301F-11D3-BF4B-00C04F79EFBC}") = "ConsoleApp5", "ConsoleApp5\ConsoleApp5.csproj", "{9D0272F4-E9CD-4673-B4E3-7B12E70B4246}"
EndProject
Project("{FAE04EC0-301F-11D3-BF4B-00C04F79EFBC}") = "HelensAbduction", "HelensAbduction\HelensAbduction.csproj", "{D78B6C1A-6967-4B9D-9FFC-B712ECAC2D3B}"
EndProject
Global
	GlobalSection(SolutionConfigurationPlatforms) = preSolution
		Debug|Any CPU = Debug|Any CPU
		Release|Any CPU = Release|Any CPU
	EndGlobalSection
	GlobalSection(ProjectConfigurationPlatforms) = postSolution
		{9D0272F4-E9CD-4673-B4E3-7B12E70B4246}.Debug|Any CPU.ActiveCfg = Debug|Any CPU
		{9D0272F4-E9CD-4673-B4E3-7B12E70B4246}.Debug|Any CPU.Build.0 = Debug|Any CPU
		{9D0272F4-E9CD-4673-B4E3-7B12E70B4246}.Release|Any CPU.ActiveCfg = Release|Any CPU
		{9D0272F4-E9CD-4673-B4E3-7B12E70B4246}.Release|Any CPU.Build.0 = Release|Any CPU
		{D78B6C1A-6967-4B9D-9FFC-B712ECAC2D3B}.Debug|Any CPU.ActiveCfg = Debug|Any CPU
		{D78B6C1A-6967-4B9D-9FFC-B712ECAC2D3B}.Debug|Any CPU.Build.0 = Debug|Any CPU
		{D78B6C1A-6967-4B9D-9FFC-B712ECAC2D3B}.Release|Any CPU.ActiveCfg = Release|Any CPU
		{D78B6C1A-6967-4B9D-9FFC-B712ECAC2D3B}.Release|Any CPU.Build.0 = Release|Any CPU
	EndGlobalSection
	GlobalSection(SolutionProperties) = preSolution
		HideSolutionNode = FALSE
	EndGlobalSection
	GlobalSection(ExtensibilityGlobals) = postSolution
		SolutionGuid = {8DD53201-CB3F-4D24-A462-4066828E9E3C}
	EndGlobalSection
EndGlobal
