
Microsoft Visual Studio Solution File, Format Version 12.00
# Visual Studio 15
VisualStudioVersion = 15.0.28307.136
MinimumVisualStudioVersion = 10.0.40219.1
Project("{FAE04EC0-301F-11D3-BF4B-00C04F79EFBC}") = "ConsoleApp4", "ConsoleApp4\ConsoleApp4.csproj", "{0C8FDBD9-EFE4-4AD2-8816-DC394D39E562}"
EndProject
Project("{FAE04EC0-301F-11D3-BF4B-00C04F79EFBC}") = "ConsoleApp1", "ConsoleApp1\ConsoleApp1.csproj", "{63C578E0-28C1-4240-AF41-F883A3675132}"
EndProject
Global
	GlobalSection(SolutionConfigurationPlatforms) = preSolution
		Debug|Any CPU = Debug|Any CPU
		Release|Any CPU = Release|Any CPU
	EndGlobalSection
	GlobalSection(ProjectConfigurationPlatforms) = postSolution
		{0C8FDBD9-EFE4-4AD2-8816-DC394D39E562}.Debug|Any CPU.ActiveCfg = Debug|Any CPU
		{0C8FDBD9-EFE4-4AD2-8816-DC394D39E562}.Debug|Any CPU.Build.0 = Debug|Any CPU
		{0C8FDBD9-EFE4-4AD2-8816-DC394D39E562}.Release|Any CPU.ActiveCfg = Release|Any CPU
		{0C8FDBD9-EFE4-4AD2-8816-DC394D39E562}.Release|Any CPU.Build.0 = Release|Any CPU
		{63C578E0-28C1-4240-AF41-F883A3675132}.Debug|Any CPU.ActiveCfg = Debug|Any CPU
		{63C578E0-28C1-4240-AF41-F883A3675132}.Debug|Any CPU.Build.0 = Debug|Any CPU
		{63C578E0-28C1-4240-AF41-F883A3675132}.Release|Any CPU.ActiveCfg = Release|Any CPU
		{63C578E0-28C1-4240-AF41-F883A3675132}.Release|Any CPU.Build.0 = Release|Any CPU
	EndGlobalSection
	GlobalSection(SolutionProperties) = preSolution
		HideSolutionNode = FALSE
	EndGlobalSection
	GlobalSection(ExtensibilityGlobals) = postSolution
		SolutionGuid = {885B201A-1842-4EE2-86EE-E58892FCE292}
	EndGlobalSection
EndGlobal
